
Microsoft Visual Studio Solution File, Format Version 12.00
# Visual Studio Version 16
VisualStudioVersion = 16.0.29318.209
MinimumVisualStudioVersion = 10.0.40219.1
Project("{FAE04EC0-301F-11D3-BF4B-00C04F79EFBC}") = "customeLIST", "customeLIST\customeLIST.csproj", "{DE658116-B91F-43D3-81CE-3F8FC4CBC8BF}"
EndProject
Project("{FAE04EC0-301F-11D3-BF4B-00C04F79EFBC}") = "customeListTest", "customeListTest\customeListTest.csproj", "{6B1B6A3A-1A04-41CE-AE08-8E3A88842859}"
EndProject
Global
	GlobalSection(SolutionConfigurationPlatforms) = preSolution
		Debug|Any CPU = Debug|Any CPU
		Release|Any CPU = Release|Any CPU
	EndGlobalSection
	GlobalSection(ProjectConfigurationPlatforms) = postSolution
		{DE658116-B91F-43D3-81CE-3F8FC4CBC8BF}.Debug|Any CPU.ActiveCfg = Debug|Any CPU
		{DE658116-B91F-43D3-81CE-3F8FC4CBC8BF}.Debug|Any CPU.Build.0 = Debug|Any CPU
		{DE658116-B91F-43D3-81CE-3F8FC4CBC8BF}.Release|Any CPU.ActiveCfg = Release|Any CPU
		{DE658116-B91F-43D3-81CE-3F8FC4CBC8BF}.Release|Any CPU.Build.0 = Release|Any CPU
		{6B1B6A3A-1A04-41CE-AE08-8E3A88842859}.Debug|Any CPU.ActiveCfg = Debug|Any CPU
		{6B1B6A3A-1A04-41CE-AE08-8E3A88842859}.Debug|Any CPU.Build.0 = Debug|Any CPU
		{6B1B6A3A-1A04-41CE-AE08-8E3A88842859}.Release|Any CPU.ActiveCfg = Release|Any CPU
		{6B1B6A3A-1A04-41CE-AE08-8E3A88842859}.Release|Any CPU.Build.0 = Release|Any CPU
	EndGlobalSection
	GlobalSection(SolutionProperties) = preSolution
		HideSolutionNode = FALSE
	EndGlobalSection
	GlobalSection(ExtensibilityGlobals) = postSolution
		SolutionGuid = {DAF4BFDB-1806-4F92-A67E-171D8D677BBB}
	EndGlobalSection
EndGlobal
